
Microsoft Visual Studio Solution File, Format Version 12.00
# Visual Studio Version 16
VisualStudioVersion = 16.0.30907.101
MinimumVisualStudioVersion = 10.0.40219.1
Project("{FAE04EC0-301F-11D3-BF4B-00C04F79EFBC}") = "Sweepstakes Project", "Sweepstakes Project\Sweepstakes Project.csproj", "{EF77224F-614D-4291-92C0-330533026355}"
EndProject
Global
	GlobalSection(SolutionConfigurationPlatforms) = preSolution
		Debug|Any CPU = Debug|Any CPU
		Release|Any CPU = Release|Any CPU
	EndGlobalSection
	GlobalSection(ProjectConfigurationPlatforms) = postSolution
		{EF77224F-614D-4291-92C0-330533026355}.Debug|Any CPU.ActiveCfg = Debug|Any CPU
		{EF77224F-614D-4291-92C0-330533026355}.Debug|Any CPU.Build.0 = Debug|Any CPU
		{EF77224F-614D-4291-92C0-330533026355}.Release|Any CPU.ActiveCfg = Release|Any CPU
		{EF77224F-614D-4291-92C0-330533026355}.Release|Any CPU.Build.0 = Release|Any CPU
	EndGlobalSection
	GlobalSection(SolutionProperties) = preSolution
		HideSolutionNode = FALSE
	EndGlobalSection
	GlobalSection(ExtensibilityGlobals) = postSolution
		SolutionGuid = {D09AD67F-AF87-4E57-B2AE-76C95959377D}
	EndGlobalSection
EndGlobal
